// !$*UTF8*$!
{
	archiveVersion = 1;
	classes = {
	};
	objectVersion = 55;
	objects = {

/* Begin PBXBuildFile section */
		1A5A27C527D5129D00BE32AD /* AppDelegate.swift in Sources */ = {isa = PBXBuildFile; fileRef = 1A5A27C427D5129D00BE32AD /* AppDelegate.swift */; };
		1A5A27C727D5129D00BE32AD /* SceneDelegate.swift in Sources */ = {isa = PBXBuildFile; fileRef = 1A5A27C627D5129D00BE32AD /* SceneDelegate.swift */; };
		1A5A27C927D5129D00BE32AD /* ViewController.swift in Sources */ = {isa = PBXBuildFile; fileRef = 1A5A27C827D5129D00BE32AD /* ViewController.swift */; };
		1A5A27CC27D5129D00BE32AD /* Main.storyboard in Resources */ = {isa = PBXBuildFile; fileRef = 1A5A27CA27D5129D00BE32AD /* Main.storyboard */; };
		1A5A27CE27D5129E00BE32AD /* Assets.xcassets in Resources */ = {isa = PBXBuildFile; fileRef = 1A5A27CD27D5129E00BE32AD /* Assets.xcassets */; };
		1A5A27D127D5129E00BE32AD /* LaunchScreen.storyboard in Resources */ = {isa = PBXBuildFile; fileRef = 1A5A27CF27D5129E00BE32AD /* LaunchScreen.storyboard */; };
		1A5A27DC27D5129F00BE32AD /* SmoresTests.swift in Sources */ = {isa = PBXBuildFile; fileRef = 1A5A27DB27D5129F00BE32AD /* SmoresTests.swift */; };
		1A5A27E627D5129F00BE32AD /* SmoresUITests.swift in Sources */ = {isa = PBXBuildFile; fileRef = 1A5A27E527D5129F00BE32AD /* SmoresUITests.swift */; };
		1A5A27E827D5129F00BE32AD /* SmoresUITestsLaunchTests.swift in Sources */ = {isa = PBXBuildFile; fileRef = 1A5A27E727D5129F00BE32AD /* SmoresUITestsLaunchTests.swift */; };
		1A5A27F527D5139B00BE32AD /* NetworkManager.swift in Sources */ = {isa = PBXBuildFile; fileRef = 1A5A27F427D5139B00BE32AD /* NetworkManager.swift */; };
		1A5A27F727D513B700BE32AD /* ChatViewController.swift in Sources */ = {isa = PBXBuildFile; fileRef = 1A5A27F627D513B700BE32AD /* ChatViewController.swift */; };
		1A5A280A27D514C300BE32AD /* Padding.swift in Sources */ = {isa = PBXBuildFile; fileRef = 1A5A280927D514C300BE32AD /* Padding.swift */; };
		1A5A280C27D514C700BE32AD /* Size.swift in Sources */ = {isa = PBXBuildFile; fileRef = 1A5A280B27D514C700BE32AD /* Size.swift */; };
		1A5A280E27D514D000BE32AD /* Colors.swift in Sources */ = {isa = PBXBuildFile; fileRef = 1A5A280D27D514D000BE32AD /* Colors.swift */; };
		1A5A281127D5150200BE32AD /* ErrorMessages.swift in Sources */ = {isa = PBXBuildFile; fileRef = 1A5A281027D5150200BE32AD /* ErrorMessages.swift */; };
		1A5A281427D5151900BE32AD /* ImageResponse.swift in Sources */ = {isa = PBXBuildFile; fileRef = 1A5A281327D5151900BE32AD /* ImageResponse.swift */; };
		1A5A281627D5153D00BE32AD /* ThumbnailCollectionViewCell.swift in Sources */ = {isa = PBXBuildFile; fileRef = 1A5A281527D5153D00BE32AD /* ThumbnailCollectionViewCell.swift */; };
		1A5A281827D5155F00BE32AD /* ImagePickerController.swift in Sources */ = {isa = PBXBuildFile; fileRef = 1A5A281727D5155F00BE32AD /* ImagePickerController.swift */; };
		1A5A281A27D5157A00BE32AD /* KeyboardInputAccessoryView.swift in Sources */ = {isa = PBXBuildFile; fileRef = 1A5A281927D5157A00BE32AD /* KeyboardInputAccessoryView.swift */; };
		1A5A281C27D515BA00BE32AD /* KeyboardInputAccessoryView.xib in Resources */ = {isa = PBXBuildFile; fileRef = 1A5A281B27D515BA00BE32AD /* KeyboardInputAccessoryView.xib */; };
		1A5A281E27D5163F00BE32AD /* UIView+Ext.swift in Sources */ = {isa = PBXBuildFile; fileRef = 1A5A281D27D5163F00BE32AD /* UIView+Ext.swift */; };
		1A6A843F27D6A76B006A7CA8 /* LightningCollectionViewCell.swift in Sources */ = {isa = PBXBuildFile; fileRef = 1A6A843E27D6A76B006A7CA8 /* LightningCollectionViewCell.swift */; };
		38C5F5C9CB0788BA883B2B8D /* Pods_Smores_SmoresUITests.framework in Frameworks */ = {isa = PBXBuildFile; fileRef = B168BFF5C55314D280F85FF2 /* Pods_Smores_SmoresUITests.framework */; };
		BF88290EF309466019078C90 /* Pods_Smores.framework in Frameworks */ = {isa = PBXBuildFile; fileRef = A1782D0AE73BA776D07CC902 /* Pods_Smores.framework */; };
		F23EABE828033E6097DD6D23 /* Pods_SmoresTests.framework in Frameworks */ = {isa = PBXBuildFile; fileRef = A68453F0856C72B591AC13F5 /* Pods_SmoresTests.framework */; };
/* End PBXBuildFile section */

/* Begin PBXContainerItemProxy section */
		1A5A27D827D5129F00BE32AD /* PBXContainerItemProxy */ = {
			isa = PBXContainerItemProxy;
			containerPortal = 1A5A27B927D5129D00BE32AD /* Project object */;
			proxyType = 1;
			remoteGlobalIDString = 1A5A27C027D5129D00BE32AD;
			remoteInfo = Smores;
		};
		1A5A27E227D5129F00BE32AD /* PBXContainerItemProxy */ = {
			isa = PBXContainerItemProxy;
			containerPortal = 1A5A27B927D5129D00BE32AD /* Project object */;
			proxyType = 1;
			remoteGlobalIDString = 1A5A27C027D5129D00BE32AD;
			remoteInfo = Smores;
		};
/* End PBXContainerItemProxy section */

/* Begin PBXFileReference section */
		1A5A27C127D5129D00BE32AD /* Smores.app */ = {isa = PBXFileReference; explicitFileType = wrapper.application; includeInIndex = 0; path = Smores.app; sourceTree = BUILT_PRODUCTS_DIR; };
		1A5A27C427D5129D00BE32AD /* AppDelegate.swift */ = {isa = PBXFileReference; lastKnownFileType = sourcecode.swift; path = AppDelegate.swift; sourceTree = "<group>"; };
		1A5A27C627D5129D00BE32AD /* SceneDelegate.swift */ = {isa = PBXFileReference; lastKnownFileType = sourcecode.swift; path = SceneDelegate.swift; sourceTree = "<group>"; };
		1A5A27C827D5129D00BE32AD /* ViewController.swift */ = {isa = PBXFileReference; lastKnownFileType = sourcecode.swift; path = ViewController.swift; sourceTree = "<group>"; };
		1A5A27CB27D5129D00BE32AD /* Base */ = {isa = PBXFileReference; lastKnownFileType = file.storyboard; name = Base; path = Base.lproj/Main.storyboard; sourceTree = "<group>"; };
		1A5A27CD27D5129E00BE32AD /* Assets.xcassets */ = {isa = PBXFileReference; lastKnownFileType = folder.assetcatalog; path = Assets.xcassets; sourceTree = "<group>"; };
		1A5A27D027D5129E00BE32AD /* Base */ = {isa = PBXFileReference; lastKnownFileType = file.storyboard; name = Base; path = Base.lproj/LaunchScreen.storyboard; sourceTree = "<group>"; };
		1A5A27D227D5129E00BE32AD /* Info.plist */ = {isa = PBXFileReference; lastKnownFileType = text.plist.xml; path = Info.plist; sourceTree = "<group>"; };
		1A5A27D727D5129F00BE32AD /* SmoresTests.xctest */ = {isa = PBXFileReference; explicitFileType = wrapper.cfbundle; includeInIndex = 0; path = SmoresTests.xctest; sourceTree = BUILT_PRODUCTS_DIR; };
		1A5A27DB27D5129F00BE32AD /* SmoresTests.swift */ = {isa = PBXFileReference; lastKnownFileType = sourcecode.swift; path = SmoresTests.swift; sourceTree = "<group>"; };
		1A5A27E127D5129F00BE32AD /* SmoresUITests.xctest */ = {isa = PBXFileReference; explicitFileType = wrapper.cfbundle; includeInIndex = 0; path = SmoresUITests.xctest; sourceTree = BUILT_PRODUCTS_DIR; };
		1A5A27E527D5129F00BE32AD /* SmoresUITests.swift */ = {isa = PBXFileReference; lastKnownFileType = sourcecode.swift; path = SmoresUITests.swift; sourceTree = "<group>"; };
		1A5A27E727D5129F00BE32AD /* SmoresUITestsLaunchTests.swift */ = {isa = PBXFileReference; lastKnownFileType = sourcecode.swift; path = SmoresUITestsLaunchTests.swift; sourceTree = "<group>"; };
		1A5A27F427D5139B00BE32AD /* NetworkManager.swift */ = {isa = PBXFileReference; lastKnownFileType = sourcecode.swift; path = NetworkManager.swift; sourceTree = "<group>"; };
		1A5A27F627D513B700BE32AD /* ChatViewController.swift */ = {isa = PBXFileReference; lastKnownFileType = sourcecode.swift; path = ChatViewController.swift; sourceTree = "<group>"; };
		1A5A280927D514C300BE32AD /* Padding.swift */ = {isa = PBXFileReference; lastKnownFileType = sourcecode.swift; path = Padding.swift; sourceTree = "<group>"; };
		1A5A280B27D514C700BE32AD /* Size.swift */ = {isa = PBXFileReference; lastKnownFileType = sourcecode.swift; path = Size.swift; sourceTree = "<group>"; };
		1A5A280D27D514D000BE32AD /* Colors.swift */ = {isa = PBXFileReference; lastKnownFileType = sourcecode.swift; path = Colors.swift; sourceTree = "<group>"; };
		1A5A281027D5150200BE32AD /* ErrorMessages.swift */ = {isa = PBXFileReference; lastKnownFileType = sourcecode.swift; path = ErrorMessages.swift; sourceTree = "<group>"; };
		1A5A281327D5151900BE32AD /* ImageResponse.swift */ = {isa = PBXFileReference; lastKnownFileType = sourcecode.swift; path = ImageResponse.swift; sourceTree = "<group>"; };
		1A5A281527D5153D00BE32AD /* ThumbnailCollectionViewCell.swift */ = {isa = PBXFileReference; lastKnownFileType = sourcecode.swift; path = ThumbnailCollectionViewCell.swift; sourceTree = "<group>"; };
		1A5A281727D5155F00BE32AD /* ImagePickerController.swift */ = {isa = PBXFileReference; lastKnownFileType = sourcecode.swift; path = ImagePickerController.swift; sourceTree = "<group>"; };
		1A5A281927D5157A00BE32AD /* KeyboardInputAccessoryView.swift */ = {isa = PBXFileReference; lastKnownFileType = sourcecode.swift; path = KeyboardInputAccessoryView.swift; sourceTree = "<group>"; };
		1A5A281B27D515BA00BE32AD /* KeyboardInputAccessoryView.xib */ = {isa = PBXFileReference; lastKnownFileType = file.xib; path = KeyboardInputAccessoryView.xib; sourceTree = "<group>"; };
		1A5A281D27D5163F00BE32AD /* UIView+Ext.swift */ = {isa = PBXFileReference; lastKnownFileType = sourcecode.swift; path = "UIView+Ext.swift"; sourceTree = "<group>"; };
		1A6A843E27D6A76B006A7CA8 /* LightningCollectionViewCell.swift */ = {isa = PBXFileReference; lastKnownFileType = sourcecode.swift; path = LightningCollectionViewCell.swift; sourceTree = "<group>"; };
		53071C34011B4772077E28FE /* Pods-SmoresTests.debug.xcconfig */ = {isa = PBXFileReference; includeInIndex = 1; lastKnownFileType = text.xcconfig; name = "Pods-SmoresTests.debug.xcconfig"; path = "Target Support Files/Pods-SmoresTests/Pods-SmoresTests.debug.xcconfig"; sourceTree = "<group>"; };
		57C790CC3BBA5194A23F0BFD /* Pods-SmoresTests.release.xcconfig */ = {isa = PBXFileReference; includeInIndex = 1; lastKnownFileType = text.xcconfig; name = "Pods-SmoresTests.release.xcconfig"; path = "Target Support Files/Pods-SmoresTests/Pods-SmoresTests.release.xcconfig"; sourceTree = "<group>"; };
		A1782D0AE73BA776D07CC902 /* Pods_Smores.framework */ = {isa = PBXFileReference; explicitFileType = wrapper.framework; includeInIndex = 0; path = Pods_Smores.framework; sourceTree = BUILT_PRODUCTS_DIR; };
		A68453F0856C72B591AC13F5 /* Pods_SmoresTests.framework */ = {isa = PBXFileReference; explicitFileType = wrapper.framework; includeInIndex = 0; path = Pods_SmoresTests.framework; sourceTree = BUILT_PRODUCTS_DIR; };
		B168BFF5C55314D280F85FF2 /* Pods_Smores_SmoresUITests.framework */ = {isa = PBXFileReference; explicitFileType = wrapper.framework; includeInIndex = 0; path = Pods_Smores_SmoresUITests.framework; sourceTree = BUILT_PRODUCTS_DIR; };
		B5E6A7665BC044317FF01586 /* Pods-Smores.debug.xcconfig */ = {isa = PBXFileReference; includeInIndex = 1; lastKnownFileType = text.xcconfig; name = "Pods-Smores.debug.xcconfig"; path = "Target Support Files/Pods-Smores/Pods-Smores.debug.xcconfig"; sourceTree = "<group>"; };
		BD0B719E410423CAA6ADD0F0 /* Pods-Smores.release.xcconfig */ = {isa = PBXFileReference; includeInIndex = 1; lastKnownFileType = text.xcconfig; name = "Pods-Smores.release.xcconfig"; path = "Target Support Files/Pods-Smores/Pods-Smores.release.xcconfig"; sourceTree = "<group>"; };
		D5C5B555813AEF0EE5DE83BF /* Pods-Smores-SmoresUITests.debug.xcconfig */ = {isa = PBXFileReference; includeInIndex = 1; lastKnownFileType = text.xcconfig; name = "Pods-Smores-SmoresUITests.debug.xcconfig"; path = "Target Support Files/Pods-Smores-SmoresUITests/Pods-Smores-SmoresUITests.debug.xcconfig"; sourceTree = "<group>"; };
		EFCDCBEC1FB9E54BF6046031 /* Pods-Smores-SmoresUITests.release.xcconfig */ = {isa = PBXFileReference; includeInIndex = 1; lastKnownFileType = text.xcconfig; name = "Pods-Smores-SmoresUITests.release.xcconfig"; path = "Target Support Files/Pods-Smores-SmoresUITests/Pods-Smores-SmoresUITests.release.xcconfig"; sourceTree = "<group>"; };
/* End PBXFileReference section */

/* Begin PBXFrameworksBuildPhase section */
		1A5A27BE27D5129D00BE32AD /* Frameworks */ = {
			isa = PBXFrameworksBuildPhase;
			buildActionMask = 2147483647;
			files = (
				BF88290EF309466019078C90 /* Pods_Smores.framework in Frameworks */,
			);
			runOnlyForDeploymentPostprocessing = 0;
		};
		1A5A27D427D5129F00BE32AD /* Frameworks */ = {
			isa = PBXFrameworksBuildPhase;
			buildActionMask = 2147483647;
			files = (
				F23EABE828033E6097DD6D23 /* Pods_SmoresTests.framework in Frameworks */,
			);
			runOnlyForDeploymentPostprocessing = 0;
		};
		1A5A27DE27D5129F00BE32AD /* Frameworks */ = {
			isa = PBXFrameworksBuildPhase;
			buildActionMask = 2147483647;
			files = (
				38C5F5C9CB0788BA883B2B8D /* Pods_Smores_SmoresUITests.framework in Frameworks */,
			);
			runOnlyForDeploymentPostprocessing = 0;
		};
/* End PBXFrameworksBuildPhase section */

/* Begin PBXGroup section */
		1A5A27B827D5129D00BE32AD = {
			isa = PBXGroup;
			children = (
				1A5A27C327D5129D00BE32AD /* Smores */,
				1A5A27DA27D5129F00BE32AD /* SmoresTests */,
				1A5A27E427D5129F00BE32AD /* SmoresUITests */,
				1A5A27C227D5129D00BE32AD /* Products */,
				7946861B9BD19231224ABF21 /* Pods */,
				D8FFCAC323F6A432F127DF24 /* Frameworks */,
			);
			sourceTree = "<group>";
		};
		1A5A27C227D5129D00BE32AD /* Products */ = {
			isa = PBXGroup;
			children = (
				1A5A27C127D5129D00BE32AD /* Smores.app */,
				1A5A27D727D5129F00BE32AD /* SmoresTests.xctest */,
				1A5A27E127D5129F00BE32AD /* SmoresUITests.xctest */,
			);
			name = Products;
			sourceTree = "<group>";
		};
		1A5A27C327D5129D00BE32AD /* Smores */ = {
			isa = PBXGroup;
			children = (
				1A5A281227D5150D00BE32AD /* Model */,
				1A5A280F27D514F900BE32AD /* Utils */,
				1A5A280827D514AF00BE32AD /* Constants */,
				1A5A281F27D5181300BE32AD /* AppDelegate */,
				1A5A282027D5182000BE32AD /* ViewControllers */,
				1A5A27CA27D5129D00BE32AD /* Main.storyboard */,
				1A5A27CD27D5129E00BE32AD /* Assets.xcassets */,
				1A5A27CF27D5129E00BE32AD /* LaunchScreen.storyboard */,
				1A5A27D227D5129E00BE32AD /* Info.plist */,
				1A5A282127D5183000BE32AD /* Managers */,
				1A5A282227D5183A00BE32AD /* CustomViews */,
				1A5A282327D5184500BE32AD /* Extensions */,
			);
			path = Smores;
			sourceTree = "<group>";
		};
		1A5A27DA27D5129F00BE32AD /* SmoresTests */ = {
			isa = PBXGroup;
			children = (
				1A5A27DB27D5129F00BE32AD /* SmoresTests.swift */,
			);
			path = SmoresTests;
			sourceTree = "<group>";
		};
		1A5A27E427D5129F00BE32AD /* SmoresUITests */ = {
			isa = PBXGroup;
			children = (
				1A5A27E527D5129F00BE32AD /* SmoresUITests.swift */,
				1A5A27E727D5129F00BE32AD /* SmoresUITestsLaunchTests.swift */,
			);
			path = SmoresUITests;
			sourceTree = "<group>";
		};
		1A5A280827D514AF00BE32AD /* Constants */ = {
			isa = PBXGroup;
			children = (
				1A5A280927D514C300BE32AD /* Padding.swift */,
				1A5A280B27D514C700BE32AD /* Size.swift */,
				1A5A280D27D514D000BE32AD /* Colors.swift */,
			);
			path = Constants;
			sourceTree = "<group>";
		};
		1A5A280F27D514F900BE32AD /* Utils */ = {
			isa = PBXGroup;
			children = (
				1A5A281027D5150200BE32AD /* ErrorMessages.swift */,
			);
			path = Utils;
			sourceTree = "<group>";
		};
		1A5A281227D5150D00BE32AD /* Model */ = {
			isa = PBXGroup;
			children = (
				1A5A281327D5151900BE32AD /* ImageResponse.swift */,
			);
			path = Model;
			sourceTree = "<group>";
		};
		1A5A281F27D5181300BE32AD /* AppDelegate */ = {
			isa = PBXGroup;
			children = (
				1A5A27C427D5129D00BE32AD /* AppDelegate.swift */,
				1A5A27C627D5129D00BE32AD /* SceneDelegate.swift */,
			);
			path = AppDelegate;
			sourceTree = "<group>";
		};
		1A5A282027D5182000BE32AD /* ViewControllers */ = {
			isa = PBXGroup;
			children = (
				1A5A27C827D5129D00BE32AD /* ViewController.swift */,
				1A5A27F627D513B700BE32AD /* ChatViewController.swift */,
			);
			path = ViewControllers;
			sourceTree = "<group>";
		};
		1A5A282127D5183000BE32AD /* Managers */ = {
			isa = PBXGroup;
			children = (
				1A5A27F427D5139B00BE32AD /* NetworkManager.swift */,
			);
			path = Managers;
			sourceTree = "<group>";
		};
		1A5A282227D5183A00BE32AD /* CustomViews */ = {
			isa = PBXGroup;
			children = (
				1A5A281B27D515BA00BE32AD /* KeyboardInputAccessoryView.xib */,
				1A5A281527D5153D00BE32AD /* ThumbnailCollectionViewCell.swift */,
				1A5A281727D5155F00BE32AD /* ImagePickerController.swift */,
				1A5A281927D5157A00BE32AD /* KeyboardInputAccessoryView.swift */,
				1A6A843E27D6A76B006A7CA8 /* LightningCollectionViewCell.swift */,
			);
			path = CustomViews;
			sourceTree = "<group>";
		};
		1A5A282327D5184500BE32AD /* Extensions */ = {
			isa = PBXGroup;
			children = (
				1A5A281D27D5163F00BE32AD /* UIView+Ext.swift */,
			);
			path = Extensions;
			sourceTree = "<group>";
		};
		7946861B9BD19231224ABF21 /* Pods */ = {
			isa = PBXGroup;
			children = (
				B5E6A7665BC044317FF01586 /* Pods-Smores.debug.xcconfig */,
				BD0B719E410423CAA6ADD0F0 /* Pods-Smores.release.xcconfig */,
				D5C5B555813AEF0EE5DE83BF /* Pods-Smores-SmoresUITests.debug.xcconfig */,
				EFCDCBEC1FB9E54BF6046031 /* Pods-Smores-SmoresUITests.release.xcconfig */,
				53071C34011B4772077E28FE /* Pods-SmoresTests.debug.xcconfig */,
				57C790CC3BBA5194A23F0BFD /* Pods-SmoresTests.release.xcconfig */,
			);
			path = Pods;
			sourceTree = "<group>";
		};
		D8FFCAC323F6A432F127DF24 /* Frameworks */ = {
			isa = PBXGroup;
			children = (
				A1782D0AE73BA776D07CC902 /* Pods_Smores.framework */,
				B168BFF5C55314D280F85FF2 /* Pods_Smores_SmoresUITests.framework */,
				A68453F0856C72B591AC13F5 /* Pods_SmoresTests.framework */,
			);
			name = Frameworks;
			sourceTree = "<group>";
		};
/* End PBXGroup section */

/* Begin PBXNativeTarget section */
		1A5A27C027D5129D00BE32AD /* Smores */ = {
			isa = PBXNativeTarget;
			buildConfigurationList = 1A5A27EB27D5129F00BE32AD /* Build configuration list for PBXNativeTarget "Smores" */;
			buildPhases = (
				125FBD2E036823FA31DAE142 /* [CP] Check Pods Manifest.lock */,
				1A5A27BD27D5129D00BE32AD /* Sources */,
				1A5A27BE27D5129D00BE32AD /* Frameworks */,
				1A5A27BF27D5129D00BE32AD /* Resources */,
				EF34B572CEA126CEDDFC9C12 /* [CP] Embed Pods Frameworks */,
			);
			buildRules = (
			);
			dependencies = (
			);
			name = Smores;
			productName = Smores;
			productReference = 1A5A27C127D5129D00BE32AD /* Smores.app */;
			productType = "com.apple.product-type.application";
		};
		1A5A27D627D5129F00BE32AD /* SmoresTests */ = {
			isa = PBXNativeTarget;
			buildConfigurationList = 1A5A27EE27D5129F00BE32AD /* Build configuration list for PBXNativeTarget "SmoresTests" */;
			buildPhases = (
				8ADB43F2EC8D1BEB921AF16F /* [CP] Check Pods Manifest.lock */,
				1A5A27D327D5129F00BE32AD /* Sources */,
				1A5A27D427D5129F00BE32AD /* Frameworks */,
				1A5A27D527D5129F00BE32AD /* Resources */,
			);
			buildRules = (
			);
			dependencies = (
				1A5A27D927D5129F00BE32AD /* PBXTargetDependency */,
			);
			name = SmoresTests;
			productName = SmoresTests;
			productReference = 1A5A27D727D5129F00BE32AD /* SmoresTests.xctest */;
			productType = "com.apple.product-type.bundle.unit-test";
		};
		1A5A27E027D5129F00BE32AD /* SmoresUITests */ = {
			isa = PBXNativeTarget;
			buildConfigurationList = 1A5A27F127D5129F00BE32AD /* Build configuration list for PBXNativeTarget "SmoresUITests" */;
			buildPhases = (
				8050B06E59E9DD5D42D098ED /* [CP] Check Pods Manifest.lock */,
				1A5A27DD27D5129F00BE32AD /* Sources */,
				1A5A27DE27D5129F00BE32AD /* Frameworks */,
				1A5A27DF27D5129F00BE32AD /* Resources */,
				708B38D84095F666D200CBA7 /* [CP] Embed Pods Frameworks */,
			);
			buildRules = (
			);
			dependencies = (
				1A5A27E327D5129F00BE32AD /* PBXTargetDependency */,
			);
			name = SmoresUITests;
			productName = SmoresUITests;
			productReference = 1A5A27E127D5129F00BE32AD /* SmoresUITests.xctest */;
			productType = "com.apple.product-type.bundle.ui-testing";
		};
/* End PBXNativeTarget section */

/* Begin PBXProject section */
		1A5A27B927D5129D00BE32AD /* Project object */ = {
			isa = PBXProject;
			attributes = {
				BuildIndependentTargetsInParallel = 1;
				LastSwiftUpdateCheck = 1320;
				LastUpgradeCheck = 1320;
				TargetAttributes = {
					1A5A27C027D5129D00BE32AD = {
						CreatedOnToolsVersion = 13.2.1;
					};
					1A5A27D627D5129F00BE32AD = {
						CreatedOnToolsVersion = 13.2.1;
						TestTargetID = 1A5A27C027D5129D00BE32AD;
					};
					1A5A27E027D5129F00BE32AD = {
						CreatedOnToolsVersion = 13.2.1;
						TestTargetID = 1A5A27C027D5129D00BE32AD;
					};
				};
			};
			buildConfigurationList = 1A5A27BC27D5129D00BE32AD /* Build configuration list for PBXProject "Smores" */;
			compatibilityVersion = "Xcode 13.0";
			developmentRegion = en;
			hasScannedForEncodings = 0;
			knownRegions = (
				en,
				Base,
			);
			mainGroup = 1A5A27B827D5129D00BE32AD;
			productRefGroup = 1A5A27C227D5129D00BE32AD /* Products */;
			projectDirPath = "";
			projectRoot = "";
			targets = (
				1A5A27C027D5129D00BE32AD /* Smores */,
				1A5A27D627D5129F00BE32AD /* SmoresTests */,
				1A5A27E027D5129F00BE32AD /* SmoresUITests */,
			);
		};
/* End PBXProject section */

/* Begin PBXResourcesBuildPhase section */
		1A5A27BF27D5129D00BE32AD /* Resources */ = {
			isa = PBXResourcesBuildPhase;
			buildActionMask = 2147483647;
			files = (
				1A5A27D127D5129E00BE32AD /* LaunchScreen.storyboard in Resources */,
				1A5A27CE27D5129E00BE32AD /* Assets.xcassets in Resources */,
				1A5A27CC27D5129D00BE32AD /* Main.storyboard in Resources */,
				1A5A281C27D515BA00BE32AD /* KeyboardInputAccessoryView.xib in Resources */,
			);
			runOnlyForDeploymentPostprocessing = 0;
		};
		1A5A27D527D5129F00BE32AD /* Resources */ = {
			isa = PBXResourcesBuildPhase;
			buildActionMask = 2147483647;
			files = (
			);
			runOnlyForDeploymentPostprocessing = 0;
		};
		1A5A27DF27D5129F00BE32AD /* Resources */ = {
			isa = PBXResourcesBuildPhase;
			buildActionMask = 2147483647;
			files = (
			);
			runOnlyForDeploymentPostprocessing = 0;
		};
/* End PBXResourcesBuildPhase section */

/* Begin PBXShellScriptBuildPhase section */
		125FBD2E036823FA31DAE142 /* [CP] Check Pods Manifest.lock */ = {
			isa = PBXShellScriptBuildPhase;
			buildActionMask = 2147483647;
			files = (
			);
			inputFileListPaths = (
			);
			inputPaths = (
				"${PODS_PODFILE_DIR_PATH}/Podfile.lock",
				"${PODS_ROOT}/Manifest.lock",
			);
			name = "[CP] Check Pods Manifest.lock";
			outputFileListPaths = (
			);
			outputPaths = (
				"$(DERIVED_FILE_DIR)/Pods-Smores-checkManifestLockResult.txt",
			);
			runOnlyForDeploymentPostprocessing = 0;
			shellPath = /bin/sh;
			shellScript = "diff \"${PODS_PODFILE_DIR_PATH}/Podfile.lock\" \"${PODS_ROOT}/Manifest.lock\" > /dev/null\nif [ $? != 0 ] ; then\n    # print error to STDERR\n    echo \"error: The sandbox is not in sync with the Podfile.lock. Run 'pod install' or update your CocoaPods installation.\" >&2\n    exit 1\nfi\n# This output is used by Xcode 'outputs' to avoid re-running this script phase.\necho \"SUCCESS\" > \"${SCRIPT_OUTPUT_FILE_0}\"\n";
			showEnvVarsInLog = 0;
		};
		708B38D84095F666D200CBA7 /* [CP] Embed Pods Frameworks */ = {
			isa = PBXShellScriptBuildPhase;
			buildActionMask = 2147483647;
			files = (
			);
			inputFileListPaths = (
				"${PODS_ROOT}/Target Support Files/Pods-Smores-SmoresUITests/Pods-Smores-SmoresUITests-frameworks-${CONFIGURATION}-input-files.xcfilelist",
			);
			name = "[CP] Embed Pods Frameworks";
			outputFileListPaths = (
				"${PODS_ROOT}/Target Support Files/Pods-Smores-SmoresUITests/Pods-Smores-SmoresUITests-frameworks-${CONFIGURATION}-output-files.xcfilelist",
			);
			runOnlyForDeploymentPostprocessing = 0;
			shellPath = /bin/sh;
			shellScript = "\"${PODS_ROOT}/Target Support Files/Pods-Smores-SmoresUITests/Pods-Smores-SmoresUITests-frameworks.sh\"\n";
			showEnvVarsInLog = 0;
		};
		8050B06E59E9DD5D42D098ED /* [CP] Check Pods Manifest.lock */ = {
			isa = PBXShellScriptBuildPhase;
			buildActionMask = 2147483647;
			files = (
			);
			inputFileListPaths = (
			);
			inputPaths = (
				"${PODS_PODFILE_DIR_PATH}/Podfile.lock",
				"${PODS_ROOT}/Manifest.lock",
			);
			name = "[CP] Check Pods Manifest.lock";
			outputFileListPaths = (
			);
			outputPaths = (
				"$(DERIVED_FILE_DIR)/Pods-Smores-SmoresUITests-checkManifestLockResult.txt",
			);
			runOnlyForDeploymentPostprocessing = 0;
			shellPath = /bin/sh;
			shellScript = "diff \"${PODS_PODFILE_DIR_PATH}/Podfile.lock\" \"${PODS_ROOT}/Manifest.lock\" > /dev/null\nif [ $? != 0 ] ; then\n    # print error to STDERR\n    echo \"error: The sandbox is not in sync with the Podfile.lock. Run 'pod install' or update your CocoaPods installation.\" >&2\n    exit 1\nfi\n# This output is used by Xcode 'outputs' to avoid re-running this script phase.\necho \"SUCCESS\" > \"${SCRIPT_OUTPUT_FILE_0}\"\n";
			showEnvVarsInLog = 0;
		};
		8ADB43F2EC8D1BEB921AF16F /* [CP] Check Pods Manifest.lock */ = {
			isa = PBXShellScriptBuildPhase;
			buildActionMask = 2147483647;
			files = (
			);
			inputFileListPaths = (
			);
			inputPaths = (
				"${PODS_PODFILE_DIR_PATH}/Podfile.lock",
				"${PODS_ROOT}/Manifest.lock",
			);
			name = "[CP] Check Pods Manifest.lock";
			outputFileListPaths = (
			);
			outputPaths = (
				"$(DERIVED_FILE_DIR)/Pods-SmoresTests-checkManifestLockResult.txt",
			);
			runOnlyForDeploymentPostprocessing = 0;
			shellPath = /bin/sh;
			shellScript = "diff \"${PODS_PODFILE_DIR_PATH}/Podfile.lock\" \"${PODS_ROOT}/Manifest.lock\" > /dev/null\nif [ $? != 0 ] ; then\n    # print error to STDERR\n    echo \"error: The sandbox is not in sync with the Podfile.lock. Run 'pod install' or update your CocoaPods installation.\" >&2\n    exit 1\nfi\n# This output is used by Xcode 'outputs' to avoid re-running this script phase.\necho \"SUCCESS\" > \"${SCRIPT_OUTPUT_FILE_0}\"\n";
			showEnvVarsInLog = 0;
		};
		EF34B572CEA126CEDDFC9C12 /* [CP] Embed Pods Frameworks */ = {
			isa = PBXShellScriptBuildPhase;
			buildActionMask = 2147483647;
			files = (
			);
			inputFileListPaths = (
				"${PODS_ROOT}/Target Support Files/Pods-Smores/Pods-Smores-frameworks-${CONFIGURATION}-input-files.xcfilelist",
			);
			name = "[CP] Embed Pods Frameworks";
			outputFileListPaths = (
				"${PODS_ROOT}/Target Support Files/Pods-Smores/Pods-Smores-frameworks-${CONFIGURATION}-output-files.xcfilelist",
			);
			runOnlyForDeploymentPostprocessing = 0;
			shellPath = /bin/sh;
			shellScript = "\"${PODS_ROOT}/Target Support Files/Pods-Smores/Pods-Smores-frameworks.sh\"\n";
			showEnvVarsInLog = 0;
		};
/* End PBXShellScriptBuildPhase section */

/* Begin PBXSourcesBuildPhase section */
		1A5A27BD27D5129D00BE32AD /* Sources */ = {
			isa = PBXSourcesBuildPhase;
			buildActionMask = 2147483647;
			files = (
				1A5A27F527D5139B00BE32AD /* NetworkManager.swift in Sources */,
				1A5A280C27D514C700BE32AD /* Size.swift in Sources */,
				1A5A281427D5151900BE32AD /* ImageResponse.swift in Sources */,
				1A5A27C927D5129D00BE32AD /* ViewController.swift in Sources */,
				1A5A281E27D5163F00BE32AD /* UIView+Ext.swift in Sources */,
				1A5A27C527D5129D00BE32AD /* AppDelegate.swift in Sources */,
				1A6A843F27D6A76B006A7CA8 /* LightningCollectionViewCell.swift in Sources */,
				1A5A27F727D513B700BE32AD /* ChatViewController.swift in Sources */,
				1A5A281627D5153D00BE32AD /* ThumbnailCollectionViewCell.swift in Sources */,
				1A5A281827D5155F00BE32AD /* ImagePickerController.swift in Sources */,
				1A5A281127D5150200BE32AD /* ErrorMessages.swift in Sources */,
				1A5A280E27D514D000BE32AD /* Colors.swift in Sources */,
				1A5A27C727D5129D00BE32AD /* SceneDelegate.swift in Sources */,
				1A5A281A27D5157A00BE32AD /* KeyboardInputAccessoryView.swift in Sources */,
				1A5A280A27D514C300BE32AD /* Padding.swift in Sources */,
			);
			runOnlyForDeploymentPostprocessing = 0;
		};
		1A5A27D327D5129F00BE32AD /* Sources */ = {
			isa = PBXSourcesBuildPhase;
			buildActionMask = 2147483647;
			files = (
				1A5A27DC27D5129F00BE32AD /* SmoresTests.swift in Sources */,
			);
			runOnlyForDeploymentPostprocessing = 0;
		};
		1A5A27DD27D5129F00BE32AD /* Sources */ = {
			isa = PBXSourcesBuildPhase;
			buildActionMask = 2147483647;
			files = (
				1A5A27E627D5129F00BE32AD /* SmoresUITests.swift in Sources */,
				1A5A27E827D5129F00BE32AD /* SmoresUITestsLaunchTests.swift in Sources */,
			);
			runOnlyForDeploymentPostprocessing = 0;
		};
/* End PBXSourcesBuildPhase section */

/* Begin PBXTargetDependency section */
		1A5A27D927D5129F00BE32AD /* PBXTargetDependency */ = {
			isa = PBXTargetDependency;
			target = 1A5A27C027D5129D00BE32AD /* Smores */;
			targetProxy = 1A5A27D827D5129F00BE32AD /* PBXContainerItemProxy */;
		};
		1A5A27E327D5129F00BE32AD /* PBXTargetDependency */ = {
			isa = PBXTargetDependency;
			target = 1A5A27C027D5129D00BE32AD /* Smores */;
			targetProxy = 1A5A27E227D5129F00BE32AD /* PBXContainerItemProxy */;
		};
/* End PBXTargetDependency section */

/* Begin PBXVariantGroup section */
		1A5A27CA27D5129D00BE32AD /* Main.storyboard */ = {
			isa = PBXVariantGroup;
			children = (
				1A5A27CB27D5129D00BE32AD /* Base */,
			);
			name = Main.storyboard;
			sourceTree = "<group>";
		};
		1A5A27CF27D5129E00BE32AD /* LaunchScreen.storyboard */ = {
			isa = PBXVariantGroup;
			children = (
				1A5A27D027D5129E00BE32AD /* Base */,
			);
			name = LaunchScreen.storyboard;
			sourceTree = "<group>";
		};
/* End PBXVariantGroup section */

/* Begin XCBuildConfiguration section */
		1A5A27E927D5129F00BE32AD /* Debug */ = {
			isa = XCBuildConfiguration;
			buildSettings = {
				ALWAYS_SEARCH_USER_PATHS = NO;
				CLANG_ANALYZER_NONNULL = YES;
				CLANG_ANALYZER_NUMBER_OBJECT_CONVERSION = YES_AGGRESSIVE;
				CLANG_CXX_LANGUAGE_STANDARD = "gnu++17";
				CLANG_CXX_LIBRARY = "libc++";
				CLANG_ENABLE_MODULES = YES;
				CLANG_ENABLE_OBJC_ARC = YES;
				CLANG_ENABLE_OBJC_WEAK = YES;
				CLANG_WARN_BLOCK_CAPTURE_AUTORELEASING = YES;
				CLANG_WARN_BOOL_CONVERSION = YES;
				CLANG_WARN_COMMA = YES;
				CLANG_WARN_CONSTANT_CONVERSION = YES;
				CLANG_WARN_DEPRECATED_OBJC_IMPLEMENTATIONS = YES;
				CLANG_WARN_DIRECT_OBJC_ISA_USAGE = YES_ERROR;
				CLANG_WARN_DOCUMENTATION_COMMENTS = YES;
				CLANG_WARN_EMPTY_BODY = YES;
				CLANG_WARN_ENUM_CONVERSION = YES;
				CLANG_WARN_INFINITE_RECURSION = YES;
				CLANG_WARN_INT_CONVERSION = YES;
				CLANG_WARN_NON_LITERAL_NULL_CONVERSION = YES;
				CLANG_WARN_OBJC_IMPLICIT_RETAIN_SELF = YES;
				CLANG_WARN_OBJC_LITERAL_CONVERSION = YES;
				CLANG_WARN_OBJC_ROOT_CLASS = YES_ERROR;
				CLANG_WARN_QUOTED_INCLUDE_IN_FRAMEWORK_HEADER = YES;
				CLANG_WARN_RANGE_LOOP_ANALYSIS = YES;
				CLANG_WARN_STRICT_PROTOTYPES = YES;
				CLANG_WARN_SUSPICIOUS_MOVE = YES;
				CLANG_WARN_UNGUARDED_AVAILABILITY = YES_AGGRESSIVE;
				CLANG_WARN_UNREACHABLE_CODE = YES;
				CLANG_WARN__DUPLICATE_METHOD_MATCH = YES;
				COPY_PHASE_STRIP = NO;
				DEBUG_INFORMATION_FORMAT = dwarf;
				ENABLE_STRICT_OBJC_MSGSEND = YES;
				ENABLE_TESTABILITY = YES;
				GCC_C_LANGUAGE_STANDARD = gnu11;
				GCC_DYNAMIC_NO_PIC = NO;
				GCC_NO_COMMON_BLOCKS = YES;
				GCC_OPTIMIZATION_LEVEL = 0;
				GCC_PREPROCESSOR_DEFINITIONS = (
					"DEBUG=1",
					"$(inherited)",
				);
				GCC_WARN_64_TO_32_BIT_CONVERSION = YES;
				GCC_WARN_ABOUT_RETURN_TYPE = YES_ERROR;
				GCC_WARN_UNDECLARED_SELECTOR = YES;
				GCC_WARN_UNINITIALIZED_AUTOS = YES_AGGRESSIVE;
				GCC_WARN_UNUSED_FUNCTION = YES;
				GCC_WARN_UNUSED_VARIABLE = YES;
				IPHONEOS_DEPLOYMENT_TARGET = 15.2;
				MTL_ENABLE_DEBUG_INFO = INCLUDE_SOURCE;
				MTL_FAST_MATH = YES;
				ONLY_ACTIVE_ARCH = YES;
				SDKROOT = iphoneos;
				SWIFT_ACTIVE_COMPILATION_CONDITIONS = DEBUG;
				SWIFT_OPTIMIZATION_LEVEL = "-Onone";
			};
			name = Debug;
		};
		1A5A27EA27D5129F00BE32AD /* Release */ = {
			isa = XCBuildConfiguration;
			buildSettings = {
				ALWAYS_SEARCH_USER_PATHS = NO;
				CLANG_ANALYZER_NONNULL = YES;
				CLANG_ANALYZER_NUMBER_OBJECT_CONVERSION = YES_AGGRESSIVE;
				CLANG_CXX_LANGUAGE_STANDARD = "gnu++17";
				CLANG_CXX_LIBRARY = "libc++";
				CLANG_ENABLE_MODULES = YES;
				CLANG_ENABLE_OBJC_ARC = YES;
				CLANG_ENABLE_OBJC_WEAK = YES;
				CLANG_WARN_BLOCK_CAPTURE_AUTORELEASING = YES;
				CLANG_WARN_BOOL_CONVERSION = YES;
				CLANG_WARN_COMMA = YES;
				CLANG_WARN_CONSTANT_CONVERSION = YES;
				CLANG_WARN_DEPRECATED_OBJC_IMPLEMENTATIONS = YES;
				CLANG_WARN_DIRECT_OBJC_ISA_USAGE = YES_ERROR;
				CLANG_WARN_DOCUMENTATION_COMMENTS = YES;
				CLANG_WARN_EMPTY_BODY = YES;
				CLANG_WARN_ENUM_CONVERSION = YES;
				CLANG_WARN_INFINITE_RECURSION = YES;
				CLANG_WARN_INT_CONVERSION = YES;
				CLANG_WARN_NON_LITERAL_NULL_CONVERSION = YES;
				CLANG_WARN_OBJC_IMPLICIT_RETAIN_SELF = YES;
				CLANG_WARN_OBJC_LITERAL_CONVERSION = YES;
				CLANG_WARN_OBJC_ROOT_CLASS = YES_ERROR;
				CLANG_WARN_QUOTED_INCLUDE_IN_FRAMEWORK_HEADER = YES;
				CLANG_WARN_RANGE_LOOP_ANALYSIS = YES;
				CLANG_WARN_STRICT_PROTOTYPES = YES;
				CLANG_WARN_SUSPICIOUS_MOVE = YES;
				CLANG_WARN_UNGUARDED_AVAILABILITY = YES_AGGRESSIVE;
				CLANG_WARN_UNREACHABLE_CODE = YES;
				CLANG_WARN__DUPLICATE_METHOD_MATCH = YES;
				COPY_PHASE_STRIP = NO;
				DEBUG_INFORMATION_FORMAT = "dwarf-with-dsym";
				ENABLE_NS_ASSERTIONS = NO;
				ENABLE_STRICT_OBJC_MSGSEND = YES;
				GCC_C_LANGUAGE_STANDARD = gnu11;
				GCC_NO_COMMON_BLOCKS = YES;
				GCC_WARN_64_TO_32_BIT_CONVERSION = YES;
				GCC_WARN_ABOUT_RETURN_TYPE = YES_ERROR;
				GCC_WARN_UNDECLARED_SELECTOR = YES;
				GCC_WARN_UNINITIALIZED_AUTOS = YES_AGGRESSIVE;
				GCC_WARN_UNUSED_FUNCTION = YES;
				GCC_WARN_UNUSED_VARIABLE = YES;
				IPHONEOS_DEPLOYMENT_TARGET = 15.2;
				MTL_ENABLE_DEBUG_INFO = NO;
				MTL_FAST_MATH = YES;
				SDKROOT = iphoneos;
				SWIFT_COMPILATION_MODE = wholemodule;
				SWIFT_OPTIMIZATION_LEVEL = "-O";
				VALIDATE_PRODUCT = YES;
			};
			name = Release;
		};
		1A5A27EC27D5129F00BE32AD /* Debug */ = {
			isa = XCBuildConfiguration;
			baseConfigurationReference = B5E6A7665BC044317FF01586 /* Pods-Smores.debug.xcconfig */;
			buildSettings = {
				ASSETCATALOG_COMPILER_APPICON_NAME = AppIcon;
				ASSETCATALOG_COMPILER_GLOBAL_ACCENT_COLOR_NAME = AccentColor;
				CODE_SIGN_STYLE = Automatic;
				CURRENT_PROJECT_VERSION = 1;
				DEVELOPMENT_TEAM = MA6LFU3W46;
				GENERATE_INFOPLIST_FILE = YES;
				INFOPLIST_FILE = Smores/Info.plist;
				INFOPLIST_KEY_NSCameraUsageDescription = "Smore needs to use camera to upload picture";
				INFOPLIST_KEY_NSMainNibFile = Main;
				INFOPLIST_KEY_NSPhotoLibraryAddUsageDescription = "Smore needs to access photolibrary";
				INFOPLIST_KEY_UIApplicationSupportsIndirectInputEvents = YES;
				INFOPLIST_KEY_UILaunchStoryboardName = LaunchScreen;
				INFOPLIST_KEY_UISupportedInterfaceOrientations_iPad = "UIInterfaceOrientationPortrait UIInterfaceOrientationPortraitUpsideDown UIInterfaceOrientationLandscapeLeft UIInterfaceOrientationLandscapeRight";
				INFOPLIST_KEY_UISupportedInterfaceOrientations_iPhone = "UIInterfaceOrientationPortrait UIInterfaceOrientationLandscapeLeft UIInterfaceOrientationLandscapeRight";
				LD_RUNPATH_SEARCH_PATHS = (
					"$(inherited)",
					"@executable_path/Frameworks",
				);
				MARKETING_VERSION = 1.0;
				PRODUCT_BUNDLE_IDENTIFIER = com.suha.Smores;
				PRODUCT_NAME = "$(TARGET_NAME)";
				SWIFT_EMIT_LOC_STRINGS = YES;
				SWIFT_VERSION = 5.0;
				TARGETED_DEVICE_FAMILY = 1;
			};
			name = Debug;
		};
		1A5A27ED27D5129F00BE32AD /* Release */ = {
			isa = XCBuildConfiguration;
			baseConfigurationReference = BD0B719E410423CAA6ADD0F0 /* Pods-Smores.release.xcconfig */;
			buildSettings = {
				ASSETCATALOG_COMPILER_APPICON_NAME = AppIcon;
				ASSETCATALOG_COMPILER_GLOBAL_ACCENT_COLOR_NAME = AccentColor;
				CODE_SIGN_STYLE = Automatic;
				CURRENT_PROJECT_VERSION = 1;
				DEVELOPMENT_TEAM = MA6LFU3W46;
				GENERATE_INFOPLIST_FILE = YES;
				INFOPLIST_FILE = Smores/Info.plist;
				INFOPLIST_KEY_NSCameraUsageDescription = "Smore needs to use camera to upload picture";
				INFOPLIST_KEY_NSMainNibFile = Main;
				INFOPLIST_KEY_NSPhotoLibraryAddUsageDescription = "Smore needs to access photolibrary";
				INFOPLIST_KEY_UIApplicationSupportsIndirectInputEvents = YES;
				INFOPLIST_KEY_UILaunchStoryboardName = LaunchScreen;
				INFOPLIST_KEY_UISupportedInterfaceOrientations_iPad = "UIInterfaceOrientationPortrait UIInterfaceOrientationPortraitUpsideDown UIInterfaceOrientationLandscapeLeft UIInterfaceOrientationLandscapeRight";
				INFOPLIST_KEY_UISupportedInterfaceOrientations_iPhone = "UIInterfaceOrientationPortrait UIInterfaceOrientationLandscapeLeft UIInterfaceOrientationLandscapeRight";
				LD_RUNPATH_SEARCH_PATHS = (
					"$(inherited)",
					"@executable_path/Frameworks",
				);
				MARKETING_VERSION = 1.0;
				PRODUCT_BUNDLE_IDENTIFIER = com.suha.Smores;
				PRODUCT_NAME = "$(TARGET_NAME)";
				SWIFT_EMIT_LOC_STRINGS = YES;
				SWIFT_VERSION = 5.0;
				TARGETED_DEVICE_FAMILY = 1;
			};
			name = Release;
		};
		1A5A27EF27D5129F00BE32AD /* Debug */ = {
			isa = XCBuildConfiguration;
			baseConfigurationReference = 53071C34011B4772077E28FE /* Pods-SmoresTests.debug.xcconfig */;
			buildSettings = {
				ALWAYS_EMBED_SWIFT_STANDARD_LIBRARIES = YES;
				BUNDLE_LOADER = "$(TEST_HOST)";
				CODE_SIGN_STYLE = Automatic;
				CURRENT_PROJECT_VERSION = 1;
				DEVELOPMENT_TEAM = MA6LFU3W46;
				GENERATE_INFOPLIST_FILE = YES;
				IPHONEOS_DEPLOYMENT_TARGET = 15.2;
				MARKETING_VERSION = 1.0;
				PRODUCT_BUNDLE_IDENTIFIER = com.suha.SmoresTests;
				PRODUCT_NAME = "$(TARGET_NAME)";
				SWIFT_EMIT_LOC_STRINGS = NO;
				SWIFT_VERSION = 5.0;
				TARGETED_DEVICE_FAMILY = "1,2";
				TEST_HOST = "$(BUILT_PRODUCTS_DIR)/Smores.app/Smores";
			};
			name = Debug;
		};
		1A5A27F027D5129F00BE32AD /* Release */ = {
			isa = XCBuildConfiguration;
			baseConfigurationReference = 57C790CC3BBA5194A23F0BFD /* Pods-SmoresTests.release.xcconfig */;
			buildSettings = {
				ALWAYS_EMBED_SWIFT_STANDARD_LIBRARIES = YES;
				BUNDLE_LOADER = "$(TEST_HOST)";
				CODE_SIGN_STYLE = Automatic;
				CURRENT_PROJECT_VERSION = 1;
				DEVELOPMENT_TEAM = MA6LFU3W46;
				GENERATE_INFOPLIST_FILE = YES;
				IPHONEOS_DEPLOYMENT_TARGET = 15.2;
				MARKETING_VERSION = 1.0;
				PRODUCT_BUNDLE_IDENTIFIER = com.suha.SmoresTests;
				PRODUCT_NAME = "$(TARGET_NAME)";
				SWIFT_EMIT_LOC_STRINGS = NO;
				SWIFT_VERSION = 5.0;
				TARGETED_DEVICE_FAMILY = "1,2";
				TEST_HOST = "$(BUILT_PRODUCTS_DIR)/Smores.app/Smores";
			};
			name = Release;
		};
		1A5A27F227D5129F00BE32AD /* Debug */ = {
			isa = XCBuildConfiguration;
			baseConfigurationReference = D5C5B555813AEF0EE5DE83BF /* Pods-Smores-SmoresUITests.debug.xcconfig */;
			buildSettings = {
				ALWAYS_EMBED_SWIFT_STANDARD_LIBRARIES = YES;
				CODE_SIGN_STYLE = Automatic;
				CURRENT_PROJECT_VERSION = 1;
				DEVELOPMENT_TEAM = MA6LFU3W46;
				GENERATE_INFOPLIST_FILE = YES;
				MARKETING_VERSION = 1.0;
				PRODUCT_BUNDLE_IDENTIFIER = com.suha.SmoresUITests;
				PRODUCT_NAME = "$(TARGET_NAME)";
				SWIFT_EMIT_LOC_STRINGS = NO;
				SWIFT_VERSION = 5.0;
				TARGETED_DEVICE_FAMILY = "1,2";
				TEST_TARGET_NAME = Smores;
			};
			name = Debug;
		};
		1A5A27F327D5129F00BE32AD /* Release */ = {
			isa = XCBuildConfiguration;
			baseConfigurationReference = EFCDCBEC1FB9E54BF6046031 /* Pods-Smores-SmoresUITests.release.xcconfig */;
			buildSettings = {
				ALWAYS_EMBED_SWIFT_STANDARD_LIBRARIES = YES;
				CODE_SIGN_STYLE = Automatic;
				CURRENT_PROJECT_VERSION = 1;
				DEVELOPMENT_TEAM = MA6LFU3W46;
				GENERATE_INFOPLIST_FILE = YES;
				MARKETING_VERSION = 1.0;
				PRODUCT_BUNDLE_IDENTIFIER = com.suha.SmoresUITests;
				PRODUCT_NAME = "$(TARGET_NAME)";
				SWIFT_EMIT_LOC_STRINGS = NO;
				SWIFT_VERSION = 5.0;
				TARGETED_DEVICE_FAMILY = "1,2";
				TEST_TARGET_NAME = Smores;
			};
			name = Release;
		};
/* End XCBuildConfiguration section */

/* Begin XCConfigurationList section */
		1A5A27BC27D5129D00BE32AD /* Build configuration list for PBXProject "Smores" */ = {
			isa = XCConfigurationList;
			buildConfigurations = (
				1A5A27E927D5129F00BE32AD /* Debug */,
				1A5A27EA27D5129F00BE32AD /* Release */,
			);
			defaultConfigurationIsVisible = 0;
			defaultConfigurationName = Release;
		};
		1A5A27EB27D5129F00BE32AD /* Build configuration list for PBXNativeTarget "Smores" */ = {
			isa = XCConfigurationList;
			buildConfigurations = (
				1A5A27EC27D5129F00BE32AD /* Debug */,
				1A5A27ED27D5129F00BE32AD /* Release */,
			);
			defaultConfigurationIsVisible = 0;
			defaultConfigurationName = Release;
		};
		1A5A27EE27D5129F00BE32AD /* Build configuration list for PBXNativeTarget "SmoresTests" */ = {
			isa = XCConfigurationList;
			buildConfigurations = (
				1A5A27EF27D5129F00BE32AD /* Debug */,
				1A5A27F027D5129F00BE32AD /* Release */,
			);
			defaultConfigurationIsVisible = 0;
			defaultConfigurationName = Release;
		};
		1A5A27F127D5129F00BE32AD /* Build configuration list for PBXNativeTarget "SmoresUITests" */ = {
			isa = XCConfigurationList;
			buildConfigurations = (
				1A5A27F227D5129F00BE32AD /* Debug */,
				1A5A27F327D5129F00BE32AD /* Release */,
			);
			defaultConfigurationIsVisible = 0;
			defaultConfigurationName = Release;
		};
/* End XCConfigurationList section */
	};
	rootObject = 1A5A27B927D5129D00BE32AD /* Project object */;
}
